{
  "name": "FiveM-Scripts",
  "lockfileVersion": 3,
  "requires": true,
  "packages": {
    "": {
      "dependencies": {
        "@citizenfx/client": "^2.0.8695-1",
        "@citizenfx/server": "^2.0.8695-1",
        "fivem-js": "^1.5.2"
      }
    },
    "node_modules/@citizenfx/client": {
      "version": "2.0.8695-1",
      "resolved": "https://registry.npmjs.org/@citizenfx/client/-/client-2.0.8695-1.tgz",
      "integrity": "sha512-CgIPaiuMWrHnbkJ8kOLfcTrpnnH0zzR3NYxMuW3kze0FQmtMvag3KyGA0r0ZQp0TC7pOUg2URZ6jMPRDdlNYFg=="
    },
    "node_modules/@citizenfx/server": {
      "version": "2.0.8695-1",
      "resolved": "https://registry.npmjs.org/@citizenfx/server/-/server-2.0.8695-1.tgz",
      "integrity": "sha512-w5sDbgIs8g1NpdcOCBGsVioEg1ZnhzkH+I0IYuTAajBkgv46iy393ej+UPBu0+KwMxe3v7rdLYdR6Kkol17g4w=="
    },
    "node_modules/fivem-js": {
      "version": "1.5.2",
      "resolved": "https://registry.npmjs.org/fivem-js/-/fivem-js-1.5.2.tgz",
      "integrity": "sha512-PONuAo9djL3UnEcVHxxLLHClQnpnLbiJXu2fNNGvi5Li/7IKfwn5PMHERrjr1Sq+oWeoao100LlsnlnA1mGCew==",
      "dependencies": {
        "@citizenfx/client": "^1.0.3281-1"
      }
    },
    "node_modules/fivem-js/node_modules/@citizenfx/client": {
      "version": "1.0.3281-1",
      "resolved": "https://registry.npmjs.org/@citizenfx/client/-/client-1.0.3281-1.tgz",
      "integrity": "sha512-hZ82+Z1CfFFWYqTohDc9K2Cn00NAGQ4Hv34JH9kQpMsA2talHVUXjZOZ78/Dtk0DcGVA2beSYfA8fMm6ZrKmHg=="
    }
  }
}
